
Microsoft Visual Studio Solution File, Format Version 12.00
# Visual Studio Version 17
VisualStudioVersion = 17.0.31611.283
MinimumVisualStudioVersion = 10.0.40219.1
Project("{FAE04EC0-301F-11D3-BF4B-00C04F79EFBC}") = "MauiApp_HelloWorld", "MauiApp_HelloWorld\MauiApp_HelloWorld.csproj", "{3CA03D9F-F06D-4854-BED1-A54EBC9ADA98}"
EndProject
Project("{FAE04EC0-301F-11D3-BF4B-00C04F79EFBC}") = "Base", "MauiLib1\Base.csproj", "{9273AAF1-30A1-4759-BE98-4562F63BBA05}"
EndProject
Project("{FAE04EC0-301F-11D3-BF4B-00C04F79EFBC}") = "FirebaseMyWorkerService", "FirebaseMyWorkerService\FirebaseMyWorkerService.csproj", "{32F2A8DF-4CC6-4557-B1D1-4DF52E5750DA}"
EndProject
Global
	GlobalSection(SolutionConfigurationPlatforms) = preSolution
		Debug|Any CPU = Debug|Any CPU
		Release|Any CPU = Release|Any CPU
	EndGlobalSection
	GlobalSection(ProjectConfigurationPlatforms) = postSolution
		{3CA03D9F-F06D-4854-BED1-A54EBC9ADA98}.Debug|Any CPU.ActiveCfg = Debug|Any CPU
		{3CA03D9F-F06D-4854-BED1-A54EBC9ADA98}.Debug|Any CPU.Build.0 = Debug|Any CPU
		{3CA03D9F-F06D-4854-BED1-A54EBC9ADA98}.Debug|Any CPU.Deploy.0 = Debug|Any CPU
		{3CA03D9F-F06D-4854-BED1-A54EBC9ADA98}.Release|Any CPU.ActiveCfg = Release|Any CPU
		{3CA03D9F-F06D-4854-BED1-A54EBC9ADA98}.Release|Any CPU.Build.0 = Release|Any CPU
		{3CA03D9F-F06D-4854-BED1-A54EBC9ADA98}.Release|Any CPU.Deploy.0 = Release|Any CPU
		{9273AAF1-30A1-4759-BE98-4562F63BBA05}.Debug|Any CPU.ActiveCfg = Debug|Any CPU
		{9273AAF1-30A1-4759-BE98-4562F63BBA05}.Debug|Any CPU.Build.0 = Debug|Any CPU
		{9273AAF1-30A1-4759-BE98-4562F63BBA05}.Release|Any CPU.ActiveCfg = Release|Any CPU
		{9273AAF1-30A1-4759-BE98-4562F63BBA05}.Release|Any CPU.Build.0 = Release|Any CPU
		{32F2A8DF-4CC6-4557-B1D1-4DF52E5750DA}.Debug|Any CPU.ActiveCfg = Debug|Any CPU
		{32F2A8DF-4CC6-4557-B1D1-4DF52E5750DA}.Debug|Any CPU.Build.0 = Debug|Any CPU
		{32F2A8DF-4CC6-4557-B1D1-4DF52E5750DA}.Release|Any CPU.ActiveCfg = Release|Any CPU
		{32F2A8DF-4CC6-4557-B1D1-4DF52E5750DA}.Release|Any CPU.Build.0 = Release|Any CPU
	EndGlobalSection
	GlobalSection(SolutionProperties) = preSolution
		HideSolutionNode = FALSE
	EndGlobalSection
	GlobalSection(ExtensibilityGlobals) = postSolution
		SolutionGuid = {61F7FB11-1E47-470C-91E2-47F8143E1572}
	EndGlobalSection
EndGlobal
